
Microsoft Visual Studio Solution File, Format Version 12.00
# Visual Studio Version 17
VisualStudioVersion = 17.1.32328.378
MinimumVisualStudioVersion = 10.0.40219.1
Project("{FAE04EC0-301F-11D3-BF4B-00C04F79EFBC}") = "SimpleActiveFilter", "SimpleActiveFilter\SimpleActiveFilter.csproj", "{402CB58E-0B84-4C16-B7B0-3DD279F873A4}"
EndProject
Global
	GlobalSection(SolutionConfigurationPlatforms) = preSolution
		Debug|Any CPU = Debug|Any CPU
		Release|Any CPU = Release|Any CPU
	EndGlobalSection
	GlobalSection(ProjectConfigurationPlatforms) = postSolution
		{402CB58E-0B84-4C16-B7B0-3DD279F873A4}.Debug|Any CPU.ActiveCfg = Debug|Any CPU
		{402CB58E-0B84-4C16-B7B0-3DD279F873A4}.Debug|Any CPU.Build.0 = Debug|Any CPU
		{402CB58E-0B84-4C16-B7B0-3DD279F873A4}.Release|Any CPU.ActiveCfg = Release|Any CPU
		{402CB58E-0B84-4C16-B7B0-3DD279F873A4}.Release|Any CPU.Build.0 = Release|Any CPU
	EndGlobalSection
	GlobalSection(SolutionProperties) = preSolution
		HideSolutionNode = FALSE
	EndGlobalSection
	GlobalSection(ExtensibilityGlobals) = postSolution
		SolutionGuid = {90DB5FD2-FBEE-4C23-946A-AD170E69A718}
	EndGlobalSection
EndGlobal
